<Solution>
  <Project Path="Inf04-maui/Zadanie 3.csproj">
    <Deploy Solution="Debug|*" />
  </Project>
  <Project Path="Zadanie 10/Zadanie 10.csproj" Id="a091c740-0d3d-4de1-925a-056f88805d60">
    <Deploy Solution="Debug|*" />
  </Project>
  <Project Path="Zadanie 11/Zadanie 11.csproj" Id="e5beeb41-6853-412e-81c7-762c802e8496">
    <Deploy Solution="Debug|*" />
  </Project>
  <Project Path="Zadanie 12/Zadanie 12.csproj" Id="894e1805-f6da-47f8-abac-8784b2d4e90a" />
  <Project Path="Zadanie 13/Zadanie 13.csproj" Id="abc232fd-a4f9-4eb7-9ed4-95f36b543959">
    <Deploy Solution="Debug|*" />
  </Project>
  <Project Path="Zadanie 14/Zadanie 14.csproj" Id="9a7dcdda-a445-40e5-b102-26c9034b58e3">
    <Deploy Solution="Debug|*" />
  </Project>
  <Project Path="Zadanie 15/Zadanie 15.csproj" Id="69160d48-d05e-4b64-b405-2b69b754f492">
    <Deploy Solution="Debug|*" />
  </Project>
  <Project Path="Zadanie 4/Zadanie 4.csproj" Id="5751c4ad-ca6b-4c12-a824-4b84703a175d">
    <Deploy Solution="Debug|*" />
  </Project>
  <Project Path="Zadanie 5/Zadanie 5.csproj" Id="4973660b-e83a-47d5-8478-668030832b5d">
    <Deploy Solution="Debug|*" />
  </Project>
  <Project Path="Zadanie 6/Zadanie 6.csproj" Id="d0c835da-31f7-4000-a8f3-7f88811cae3b">
    <Deploy Solution="Debug|*" />
  </Project>
  <Project Path="Zadanie 7/Zadanie 7.csproj" Id="74f00755-b4b0-4b27-a2c7-d1c5258d593f">
    <Deploy Solution="Debug|*" />
  </Project>
  <Project Path="Zadanie 8.0/Zadanie 8.0.csproj" Id="7ea18878-52d6-4be1-9585-abede15b2021">
    <Deploy Solution="Debug|*" />
  </Project>
  <Project Path="Zadanie 9/Zadanie 9.csproj" Id="1ed0d0ce-c170-427b-918d-1b995acc1d82">
    <Deploy Solution="Debug|*" />
  </Project>
</Solution>
